
Microsoft Visual Studio Solution File, Format Version 12.00
# Visual Studio 2013
VisualStudioVersion = 12.0.30723.0
MinimumVisualStudioVersion = 10.0.40219.1
Project("{FAE04EC0-301F-11D3-BF4B-00C04F79EFBC}") = "GamePoolWeb2", "GamePoolWeb2\GamePoolWeb2.csproj", "{6D584884-344B-4E9D-9DEF-C334C01933AB}"
EndProject
Project("{FAE04EC0-301F-11D3-BF4B-00C04F79EFBC}") = "GamePool2Android", "..\GamePool2Android\GamePool2Android.csproj", "{92A562EC-ED46-4E04-827E-A89791CD2189}"
EndProject
Project("{FAE04EC0-301F-11D3-BF4B-00C04F79EFBC}") = "GamePool2.Core", "..\GamePool2.Core\GamePool2.Core.csproj", "{12ECCC89-0875-4B5B-95FF-D0FFF43168CC}"
EndProject
Project("{FAE04EC0-301F-11D3-BF4B-00C04F79EFBC}") = "GamePool2Core.Entities", "GamePool2Core.Entities\GamePool2Core.Entities.csproj", "{1638B7FA-E04A-42A5-80B7-25E019F0486E}"
EndProject
Project("{2150E333-8FDC-42A3-9474-1A3956D46DE8}") = ".nuget", ".nuget", "{E3A28288-737F-452E-9E55-1899C15F6CDA}"
	ProjectSection(SolutionItems) = preProject
		.nuget\NuGet.Config = .nuget\NuGet.Config
		.nuget\NuGet.exe = .nuget\NuGet.exe
		.nuget\NuGet.targets = .nuget\NuGet.targets
	EndProjectSection
EndProject
Global
	GlobalSection(SolutionConfigurationPlatforms) = preSolution
		Debug|Any CPU = Debug|Any CPU
		Release|Any CPU = Release|Any CPU
	EndGlobalSection
	GlobalSection(ProjectConfigurationPlatforms) = postSolution
		{6D584884-344B-4E9D-9DEF-C334C01933AB}.Debug|Any CPU.ActiveCfg = Debug|Any CPU
		{6D584884-344B-4E9D-9DEF-C334C01933AB}.Debug|Any CPU.Build.0 = Debug|Any CPU
		{6D584884-344B-4E9D-9DEF-C334C01933AB}.Release|Any CPU.ActiveCfg = Release|Any CPU
		{6D584884-344B-4E9D-9DEF-C334C01933AB}.Release|Any CPU.Build.0 = Release|Any CPU
		{92A562EC-ED46-4E04-827E-A89791CD2189}.Debug|Any CPU.ActiveCfg = Debug|Any CPU
		{92A562EC-ED46-4E04-827E-A89791CD2189}.Debug|Any CPU.Build.0 = Debug|Any CPU
		{92A562EC-ED46-4E04-827E-A89791CD2189}.Debug|Any CPU.Deploy.0 = Debug|Any CPU
		{92A562EC-ED46-4E04-827E-A89791CD2189}.Release|Any CPU.ActiveCfg = Release|Any CPU
		{92A562EC-ED46-4E04-827E-A89791CD2189}.Release|Any CPU.Build.0 = Release|Any CPU
		{92A562EC-ED46-4E04-827E-A89791CD2189}.Release|Any CPU.Deploy.0 = Release|Any CPU
		{12ECCC89-0875-4B5B-95FF-D0FFF43168CC}.Debug|Any CPU.ActiveCfg = Debug|Any CPU
		{12ECCC89-0875-4B5B-95FF-D0FFF43168CC}.Debug|Any CPU.Build.0 = Debug|Any CPU
		{12ECCC89-0875-4B5B-95FF-D0FFF43168CC}.Release|Any CPU.ActiveCfg = Release|Any CPU
		{12ECCC89-0875-4B5B-95FF-D0FFF43168CC}.Release|Any CPU.Build.0 = Release|Any CPU
		{1638B7FA-E04A-42A5-80B7-25E019F0486E}.Debug|Any CPU.ActiveCfg = Debug|Any CPU
		{1638B7FA-E04A-42A5-80B7-25E019F0486E}.Debug|Any CPU.Build.0 = Debug|Any CPU
		{1638B7FA-E04A-42A5-80B7-25E019F0486E}.Release|Any CPU.ActiveCfg = Release|Any CPU
		{1638B7FA-E04A-42A5-80B7-25E019F0486E}.Release|Any CPU.Build.0 = Release|Any CPU
	EndGlobalSection
	GlobalSection(SolutionProperties) = preSolution
		HideSolutionNode = FALSE
	EndGlobalSection
EndGlobal
